
Microsoft Visual Studio Solution File, Format Version 12.00
# Visual Studio 15
VisualStudioVersion = 15.0.27428.2015
MinimumVisualStudioVersion = 10.0.40219.1
Project("{9A19103F-16F7-4668-BE54-9A1E7A4F7556}") = "Network", "Trash\Network.csproj", "{7B17967A-110E-4DBB-ACD5-5AAC5D4498B0}"
EndProject
Project("{9A19103F-16F7-4668-BE54-9A1E7A4F7556}") = "Network.Client", "Client\Network.Client.csproj", "{8CFBE2F3-6154-42C8-86D2-3A9886774B6E}"
EndProject
Project("{9A19103F-16F7-4668-BE54-9A1E7A4F7556}") = "Network.Server", "Server\Network.Server.csproj", "{FC943CAB-B037-4BD9-ACDE-F0D21A7F869B}"
EndProject
Project("{FAE04EC0-301F-11D3-BF4B-00C04F79EFBC}") = "Network.Client.Core", "Network.Client.Core\Network.Client.Core.csproj", "{7C59430E-10AC-4CD2-A274-3CB79B4640B9}"
EndProject
Project("{FAE04EC0-301F-11D3-BF4B-00C04F79EFBC}") = "Network.Core", "Network.Core\Network.Core.csproj", "{C8A76D19-9F34-409D-89D5-0CDC893A6BE5}"
EndProject
Project("{2150E333-8FDC-42A3-9474-1A3956D46DE8}") = "Network", "Network", "{D45D3687-ADBD-4437-BAAA-B872C0FEE545}"
EndProject
Project("{2150E333-8FDC-42A3-9474-1A3956D46DE8}") = "Network.Server", "Network.Server", "{C3975532-2488-436B-9338-CDA451B11091}"
EndProject
Project("{2150E333-8FDC-42A3-9474-1A3956D46DE8}") = "Network.Client", "Network.Client", "{657EC7C2-D6F6-4C54-BFD5-5C586C6F13ED}"
EndProject
Project("{2150E333-8FDC-42A3-9474-1A3956D46DE8}") = "Network.Sandbox", "Network.Sandbox", "{8D700ABD-51A7-4496-9B92-E706CF5A1F63}"
EndProject
Project("{FAE04EC0-301F-11D3-BF4B-00C04F79EFBC}") = "Network.Server.Sandbox", "Network.Server.Sandbox\Network.Server.Sandbox.csproj", "{74A8E28D-F7DB-4367-8499-B63D58EB7DB2}"
EndProject
Project("{FAE04EC0-301F-11D3-BF4B-00C04F79EFBC}") = "Network.Client.Sandbox", "Network.Client.Sandbox\Network.Client.Sandbox.csproj", "{A65E295C-5129-4C71-96C5-883302F14058}"
EndProject
Project("{FAE04EC0-301F-11D3-BF4B-00C04F79EFBC}") = "Network.Server.Core", "Network.Server.Core\Network.Server.Core.csproj", "{953BE4D4-0470-445F-9B4A-4D3379BFFD56}"
EndProject
Global
	GlobalSection(SolutionConfigurationPlatforms) = preSolution
		Debug|Any CPU = Debug|Any CPU
		Release|Any CPU = Release|Any CPU
	EndGlobalSection
	GlobalSection(ProjectConfigurationPlatforms) = postSolution
		{7B17967A-110E-4DBB-ACD5-5AAC5D4498B0}.Debug|Any CPU.ActiveCfg = Debug|Any CPU
		{7B17967A-110E-4DBB-ACD5-5AAC5D4498B0}.Debug|Any CPU.Build.0 = Debug|Any CPU
		{7B17967A-110E-4DBB-ACD5-5AAC5D4498B0}.Release|Any CPU.ActiveCfg = Release|Any CPU
		{7B17967A-110E-4DBB-ACD5-5AAC5D4498B0}.Release|Any CPU.Build.0 = Release|Any CPU
		{8CFBE2F3-6154-42C8-86D2-3A9886774B6E}.Debug|Any CPU.ActiveCfg = Debug|Any CPU
		{8CFBE2F3-6154-42C8-86D2-3A9886774B6E}.Debug|Any CPU.Build.0 = Debug|Any CPU
		{8CFBE2F3-6154-42C8-86D2-3A9886774B6E}.Release|Any CPU.ActiveCfg = Release|Any CPU
		{8CFBE2F3-6154-42C8-86D2-3A9886774B6E}.Release|Any CPU.Build.0 = Release|Any CPU
		{FC943CAB-B037-4BD9-ACDE-F0D21A7F869B}.Debug|Any CPU.ActiveCfg = Debug|Any CPU
		{FC943CAB-B037-4BD9-ACDE-F0D21A7F869B}.Debug|Any CPU.Build.0 = Debug|Any CPU
		{FC943CAB-B037-4BD9-ACDE-F0D21A7F869B}.Release|Any CPU.ActiveCfg = Release|Any CPU
		{FC943CAB-B037-4BD9-ACDE-F0D21A7F869B}.Release|Any CPU.Build.0 = Release|Any CPU
		{7C59430E-10AC-4CD2-A274-3CB79B4640B9}.Debug|Any CPU.ActiveCfg = Debug|Any CPU
		{7C59430E-10AC-4CD2-A274-3CB79B4640B9}.Debug|Any CPU.Build.0 = Debug|Any CPU
		{7C59430E-10AC-4CD2-A274-3CB79B4640B9}.Release|Any CPU.ActiveCfg = Release|Any CPU
		{7C59430E-10AC-4CD2-A274-3CB79B4640B9}.Release|Any CPU.Build.0 = Release|Any CPU
		{C8A76D19-9F34-409D-89D5-0CDC893A6BE5}.Debug|Any CPU.ActiveCfg = Debug|Any CPU
		{C8A76D19-9F34-409D-89D5-0CDC893A6BE5}.Debug|Any CPU.Build.0 = Debug|Any CPU
		{C8A76D19-9F34-409D-89D5-0CDC893A6BE5}.Release|Any CPU.ActiveCfg = Release|Any CPU
		{C8A76D19-9F34-409D-89D5-0CDC893A6BE5}.Release|Any CPU.Build.0 = Release|Any CPU
		{74A8E28D-F7DB-4367-8499-B63D58EB7DB2}.Debug|Any CPU.ActiveCfg = Debug|Any CPU
		{74A8E28D-F7DB-4367-8499-B63D58EB7DB2}.Debug|Any CPU.Build.0 = Debug|Any CPU
		{74A8E28D-F7DB-4367-8499-B63D58EB7DB2}.Release|Any CPU.ActiveCfg = Release|Any CPU
		{74A8E28D-F7DB-4367-8499-B63D58EB7DB2}.Release|Any CPU.Build.0 = Release|Any CPU
		{A65E295C-5129-4C71-96C5-883302F14058}.Debug|Any CPU.ActiveCfg = Debug|Any CPU
		{A65E295C-5129-4C71-96C5-883302F14058}.Debug|Any CPU.Build.0 = Debug|Any CPU
		{A65E295C-5129-4C71-96C5-883302F14058}.Release|Any CPU.ActiveCfg = Release|Any CPU
		{A65E295C-5129-4C71-96C5-883302F14058}.Release|Any CPU.Build.0 = Release|Any CPU
		{953BE4D4-0470-445F-9B4A-4D3379BFFD56}.Debug|Any CPU.ActiveCfg = Debug|Any CPU
		{953BE4D4-0470-445F-9B4A-4D3379BFFD56}.Debug|Any CPU.Build.0 = Debug|Any CPU
		{953BE4D4-0470-445F-9B4A-4D3379BFFD56}.Release|Any CPU.ActiveCfg = Release|Any CPU
		{953BE4D4-0470-445F-9B4A-4D3379BFFD56}.Release|Any CPU.Build.0 = Release|Any CPU
	EndGlobalSection
	GlobalSection(SolutionProperties) = preSolution
		HideSolutionNode = FALSE
	EndGlobalSection
	GlobalSection(ExtensibilityGlobals) = postSolution
		SolutionGuid = {D7F84D98-AFC7-4D30-A2DD-CCEC8291BE97}
	EndGlobalSection
	GlobalSection(NestedProjects) = preSolution
		{7B17967A-110E-4DBB-ACD5-5AAC5D4498B0} = {D45D3687-ADBD-4437-BAAA-B872C0FEE545}
		{C8A76D19-9F34-409D-89D5-0CDC893A6BE5} = {D45D3687-ADBD-4437-BAAA-B872C0FEE545}
		{FC943CAB-B037-4BD9-ACDE-F0D21A7F869B} = {C3975532-2488-436B-9338-CDA451B11091}
		{8CFBE2F3-6154-42C8-86D2-3A9886774B6E} = {657EC7C2-D6F6-4C54-BFD5-5C586C6F13ED}
		{7C59430E-10AC-4CD2-A274-3CB79B4640B9} = {657EC7C2-D6F6-4C54-BFD5-5C586C6F13ED}
		{74A8E28D-F7DB-4367-8499-B63D58EB7DB2} = {8D700ABD-51A7-4496-9B92-E706CF5A1F63}
		{A65E295C-5129-4C71-96C5-883302F14058} = {8D700ABD-51A7-4496-9B92-E706CF5A1F63}
		{953BE4D4-0470-445F-9B4A-4D3379BFFD56} = {C3975532-2488-436B-9338-CDA451B11091}
	EndGlobalSection
EndGlobal
