
Microsoft Visual Studio Solution File, Format Version 12.00
# Visual Studio 15
VisualStudioVersion = 15.0.27428.2015
MinimumVisualStudioVersion = 10.0.40219.1
Project("{9A19103F-16F7-4668-BE54-9A1E7A4F7556}") = "Shaykhullin.Network.Core", "Shaykhullin.Network.Core\Shaykhullin.Network.Core.csproj", "{97BA6FFC-1D2F-4879-B897-A6F6DF25C4F9}"
EndProject
Project("{9A19103F-16F7-4668-BE54-9A1E7A4F7556}") = "Shaykhullin.Network", "Shaykhullin.Network\Shaykhullin.Network.csproj", "{A4206C10-496B-4460-B376-6A80D833671C}"
EndProject
Project("{9A19103F-16F7-4668-BE54-9A1E7A4F7556}") = "Shaykhullin.Network.Client", "Shaykhullin.Network.Client\Shaykhullin.Network.Client.csproj", "{E58303F5-3678-4384-B323-39315790CC26}"
EndProject
Project("{9A19103F-16F7-4668-BE54-9A1E7A4F7556}") = "Shaykhullin.Network.Server", "Shaykhullin.Network.Server\Shaykhullin.Network.Server.csproj", "{35C2D885-0E8C-41C2-8A59-99C3B6972A9F}"
EndProject
Project("{9A19103F-16F7-4668-BE54-9A1E7A4F7556}") = "Shaykhullin.Network.Extensions.JsonSerializer", "Shaykhullin.Network.Extensions.JsonSerializer\Shaykhullin.Network.Extensions.JsonSerializer.csproj", "{9F0E4C99-F973-4E5B-8DEF-B02BC468F6FD}"
EndProject
Global
	GlobalSection(SolutionConfigurationPlatforms) = preSolution
		Debug|Any CPU = Debug|Any CPU
		Release|Any CPU = Release|Any CPU
	EndGlobalSection
	GlobalSection(ProjectConfigurationPlatforms) = postSolution
		{97BA6FFC-1D2F-4879-B897-A6F6DF25C4F9}.Debug|Any CPU.ActiveCfg = Debug|Any CPU
		{97BA6FFC-1D2F-4879-B897-A6F6DF25C4F9}.Debug|Any CPU.Build.0 = Debug|Any CPU
		{97BA6FFC-1D2F-4879-B897-A6F6DF25C4F9}.Release|Any CPU.ActiveCfg = Release|Any CPU
		{97BA6FFC-1D2F-4879-B897-A6F6DF25C4F9}.Release|Any CPU.Build.0 = Release|Any CPU
		{A4206C10-496B-4460-B376-6A80D833671C}.Debug|Any CPU.ActiveCfg = Debug|Any CPU
		{A4206C10-496B-4460-B376-6A80D833671C}.Debug|Any CPU.Build.0 = Debug|Any CPU
		{A4206C10-496B-4460-B376-6A80D833671C}.Release|Any CPU.ActiveCfg = Release|Any CPU
		{A4206C10-496B-4460-B376-6A80D833671C}.Release|Any CPU.Build.0 = Release|Any CPU
		{E58303F5-3678-4384-B323-39315790CC26}.Debug|Any CPU.ActiveCfg = Debug|Any CPU
		{E58303F5-3678-4384-B323-39315790CC26}.Debug|Any CPU.Build.0 = Debug|Any CPU
		{E58303F5-3678-4384-B323-39315790CC26}.Release|Any CPU.ActiveCfg = Release|Any CPU
		{E58303F5-3678-4384-B323-39315790CC26}.Release|Any CPU.Build.0 = Release|Any CPU
		{35C2D885-0E8C-41C2-8A59-99C3B6972A9F}.Debug|Any CPU.ActiveCfg = Debug|Any CPU
		{35C2D885-0E8C-41C2-8A59-99C3B6972A9F}.Debug|Any CPU.Build.0 = Debug|Any CPU
		{35C2D885-0E8C-41C2-8A59-99C3B6972A9F}.Release|Any CPU.ActiveCfg = Release|Any CPU
		{35C2D885-0E8C-41C2-8A59-99C3B6972A9F}.Release|Any CPU.Build.0 = Release|Any CPU
		{9F0E4C99-F973-4E5B-8DEF-B02BC468F6FD}.Debug|Any CPU.ActiveCfg = Debug|Any CPU
		{9F0E4C99-F973-4E5B-8DEF-B02BC468F6FD}.Debug|Any CPU.Build.0 = Debug|Any CPU
		{9F0E4C99-F973-4E5B-8DEF-B02BC468F6FD}.Release|Any CPU.ActiveCfg = Release|Any CPU
		{9F0E4C99-F973-4E5B-8DEF-B02BC468F6FD}.Release|Any CPU.Build.0 = Release|Any CPU
	EndGlobalSection
	GlobalSection(SolutionProperties) = preSolution
		HideSolutionNode = FALSE
	EndGlobalSection
	GlobalSection(ExtensibilityGlobals) = postSolution
		SolutionGuid = {1F8380D4-7D00-458C-AA7C-C359B91D2BF7}
	EndGlobalSection
EndGlobal
