
Microsoft Visual Studio Solution File, Format Version 12.00
Project("{FAE04EC0-301F-11D3-BF4B-00C04F79EFBC}") = "Shaykhullin.Network.Core", "Shaykhullin.Network.Core\Shaykhullin.Network.Core.csproj", "{457E869F-49EA-41E6-AD9E-6D819B8F4838}"
EndProject
Project("{FAE04EC0-301F-11D3-BF4B-00C04F79EFBC}") = "Shaykhullin.Network", "Shaykhullin.Network\Shaykhullin.Network.csproj", "{CA396B8B-03DF-48E1-9FA2-C1D44A145530}"
EndProject
Project("{FAE04EC0-301F-11D3-BF4B-00C04F79EFBC}") = "Shaykhullin.Network.Client", "Shaykhullin.Network.Client\Shaykhullin.Network.Client.csproj", "{C48D1810-F08D-4224-8F20-0C3F4C774B4B}"
EndProject
Project("{FAE04EC0-301F-11D3-BF4B-00C04F79EFBC}") = "Shaykhullin.Network.Server", "Shaykhullin.Network.Server\Shaykhullin.Network.Server.csproj", "{6906BD28-3041-4779-BE3D-D27882CCCA39}"
EndProject
Global
	GlobalSection(SolutionConfigurationPlatforms) = preSolution
		Debug|Any CPU = Debug|Any CPU
		Release|Any CPU = Release|Any CPU
	EndGlobalSection
	GlobalSection(ProjectConfigurationPlatforms) = postSolution
		{457E869F-49EA-41E6-AD9E-6D819B8F4838}.Debug|Any CPU.ActiveCfg = Debug|Any CPU
		{457E869F-49EA-41E6-AD9E-6D819B8F4838}.Debug|Any CPU.Build.0 = Debug|Any CPU
		{457E869F-49EA-41E6-AD9E-6D819B8F4838}.Release|Any CPU.ActiveCfg = Release|Any CPU
		{457E869F-49EA-41E6-AD9E-6D819B8F4838}.Release|Any CPU.Build.0 = Release|Any CPU
		{CA396B8B-03DF-48E1-9FA2-C1D44A145530}.Debug|Any CPU.ActiveCfg = Debug|Any CPU
		{CA396B8B-03DF-48E1-9FA2-C1D44A145530}.Debug|Any CPU.Build.0 = Debug|Any CPU
		{CA396B8B-03DF-48E1-9FA2-C1D44A145530}.Release|Any CPU.ActiveCfg = Release|Any CPU
		{CA396B8B-03DF-48E1-9FA2-C1D44A145530}.Release|Any CPU.Build.0 = Release|Any CPU
		{C48D1810-F08D-4224-8F20-0C3F4C774B4B}.Debug|Any CPU.ActiveCfg = Debug|Any CPU
		{C48D1810-F08D-4224-8F20-0C3F4C774B4B}.Debug|Any CPU.Build.0 = Debug|Any CPU
		{C48D1810-F08D-4224-8F20-0C3F4C774B4B}.Release|Any CPU.ActiveCfg = Release|Any CPU
		{C48D1810-F08D-4224-8F20-0C3F4C774B4B}.Release|Any CPU.Build.0 = Release|Any CPU
		{6906BD28-3041-4779-BE3D-D27882CCCA39}.Debug|Any CPU.ActiveCfg = Debug|Any CPU
		{6906BD28-3041-4779-BE3D-D27882CCCA39}.Debug|Any CPU.Build.0 = Debug|Any CPU
		{6906BD28-3041-4779-BE3D-D27882CCCA39}.Release|Any CPU.ActiveCfg = Release|Any CPU
		{6906BD28-3041-4779-BE3D-D27882CCCA39}.Release|Any CPU.Build.0 = Release|Any CPU
	EndGlobalSection
	GlobalSection(NestedProjects) = preSolution
	EndGlobalSection
EndGlobal
