
Microsoft Visual Studio Solution File, Format Version 12.00
# Visual Studio 15
VisualStudioVersion = 15.0.27130.2036
MinimumVisualStudioVersion = 10.0.40219.1
Project("{9A19103F-16F7-4668-BE54-9A1E7A4F7556}") = "Shaykhullin.Network", "Shaykhullin.Network\Shaykhullin.Network.csproj", "{F4F78BE1-0779-47A7-BDDA-6C0986A9603C}"
EndProject
Project("{9A19103F-16F7-4668-BE54-9A1E7A4F7556}") = "Shaykhullin.Network.Server", "Shaykhullin.Network.Server\Shaykhullin.Network.Server.csproj", "{AD6DB86B-AB05-4798-9AFF-952832A2BF19}"
EndProject
Project("{9A19103F-16F7-4668-BE54-9A1E7A4F7556}") = "Shaykhullin.Network.Client", "Shaykhullin.Network.Client\Shaykhullin.Network.Client.csproj", "{5E056F22-4DDB-4E56-8496-787AE1BF4578}"
EndProject
Project("{9A19103F-16F7-4668-BE54-9A1E7A4F7556}") = "Shaykhullin.Network.Client.Sandbox", "Shaykhullin.Network.Client.Sandbox\Shaykhullin.Network.Client.Sandbox.csproj", "{4E24CE26-237F-4375-AB46-C7E3F8F99D2C}"
EndProject
Project("{9A19103F-16F7-4668-BE54-9A1E7A4F7556}") = "Shaykhullin.Network.Server.Sandbox", "Shaykhullin.Network.Server.Sandbox\Shaykhullin.Network.Server.Sandbox.csproj", "{8A10ACE4-0DF8-4426-9C91-57D41858272E}"
EndProject
Project("{9A19103F-16F7-4668-BE54-9A1E7A4F7556}") = "Shaykhullin.Network.Core", "Shaykhullin.Network.Core\Shaykhullin.Network.Core.csproj", "{BD3E247D-B59A-45B7-B179-65AC3291A05D}"
EndProject
Project("{2150E333-8FDC-42A3-9474-1A3956D46DE8}") = "Core", "Core", "{72E5B558-425B-4C20-BD9D-CBB65098DFD2}"
EndProject
Project("{2150E333-8FDC-42A3-9474-1A3956D46DE8}") = "Server", "Server", "{60BCA9C7-A68D-4E39-BA17-D08992F8438C}"
EndProject
Project("{2150E333-8FDC-42A3-9474-1A3956D46DE8}") = "Client", "Client", "{D12266B7-5775-4B5C-AFF4-BBB8A4F39A1D}"
EndProject
Project("{9A19103F-16F7-4668-BE54-9A1E7A4F7556}") = "Shaykhullin.Network.Server.Core", "Shaykhullin.Network.Server.Core\Shaykhullin.Network.Server.Core.csproj", "{39684415-88BF-497C-960E-5BAE99117AC4}"
EndProject
Project("{9A19103F-16F7-4668-BE54-9A1E7A4F7556}") = "Shaykhullin.Network.Client.Core", "Shaykhullin.Network.Client.Core\Shaykhullin.Network.Client.Core.csproj", "{82D7CE31-A53F-4EDC-92E1-FD51EFA0648B}"
EndProject
Project("{2150E333-8FDC-42A3-9474-1A3956D46DE8}") = "Sandbox", "Sandbox", "{44935507-48FF-4116-9D36-A4A168960B9A}"
EndProject
Global
	GlobalSection(SolutionConfigurationPlatforms) = preSolution
		Debug|Any CPU = Debug|Any CPU
		Release|Any CPU = Release|Any CPU
	EndGlobalSection
	GlobalSection(ProjectConfigurationPlatforms) = postSolution
		{F4F78BE1-0779-47A7-BDDA-6C0986A9603C}.Debug|Any CPU.ActiveCfg = Debug|Any CPU
		{F4F78BE1-0779-47A7-BDDA-6C0986A9603C}.Debug|Any CPU.Build.0 = Debug|Any CPU
		{F4F78BE1-0779-47A7-BDDA-6C0986A9603C}.Release|Any CPU.ActiveCfg = Release|Any CPU
		{F4F78BE1-0779-47A7-BDDA-6C0986A9603C}.Release|Any CPU.Build.0 = Release|Any CPU
		{AD6DB86B-AB05-4798-9AFF-952832A2BF19}.Debug|Any CPU.ActiveCfg = Debug|Any CPU
		{AD6DB86B-AB05-4798-9AFF-952832A2BF19}.Debug|Any CPU.Build.0 = Debug|Any CPU
		{AD6DB86B-AB05-4798-9AFF-952832A2BF19}.Release|Any CPU.ActiveCfg = Release|Any CPU
		{AD6DB86B-AB05-4798-9AFF-952832A2BF19}.Release|Any CPU.Build.0 = Release|Any CPU
		{5E056F22-4DDB-4E56-8496-787AE1BF4578}.Debug|Any CPU.ActiveCfg = Debug|Any CPU
		{5E056F22-4DDB-4E56-8496-787AE1BF4578}.Debug|Any CPU.Build.0 = Debug|Any CPU
		{5E056F22-4DDB-4E56-8496-787AE1BF4578}.Release|Any CPU.ActiveCfg = Release|Any CPU
		{5E056F22-4DDB-4E56-8496-787AE1BF4578}.Release|Any CPU.Build.0 = Release|Any CPU
		{4E24CE26-237F-4375-AB46-C7E3F8F99D2C}.Debug|Any CPU.ActiveCfg = Debug|Any CPU
		{4E24CE26-237F-4375-AB46-C7E3F8F99D2C}.Debug|Any CPU.Build.0 = Debug|Any CPU
		{4E24CE26-237F-4375-AB46-C7E3F8F99D2C}.Release|Any CPU.ActiveCfg = Release|Any CPU
		{4E24CE26-237F-4375-AB46-C7E3F8F99D2C}.Release|Any CPU.Build.0 = Release|Any CPU
		{8A10ACE4-0DF8-4426-9C91-57D41858272E}.Debug|Any CPU.ActiveCfg = Debug|Any CPU
		{8A10ACE4-0DF8-4426-9C91-57D41858272E}.Debug|Any CPU.Build.0 = Debug|Any CPU
		{8A10ACE4-0DF8-4426-9C91-57D41858272E}.Release|Any CPU.ActiveCfg = Release|Any CPU
		{8A10ACE4-0DF8-4426-9C91-57D41858272E}.Release|Any CPU.Build.0 = Release|Any CPU
		{BD3E247D-B59A-45B7-B179-65AC3291A05D}.Debug|Any CPU.ActiveCfg = Debug|Any CPU
		{BD3E247D-B59A-45B7-B179-65AC3291A05D}.Debug|Any CPU.Build.0 = Debug|Any CPU
		{BD3E247D-B59A-45B7-B179-65AC3291A05D}.Release|Any CPU.ActiveCfg = Release|Any CPU
		{BD3E247D-B59A-45B7-B179-65AC3291A05D}.Release|Any CPU.Build.0 = Release|Any CPU
		{39684415-88BF-497C-960E-5BAE99117AC4}.Debug|Any CPU.ActiveCfg = Debug|Any CPU
		{39684415-88BF-497C-960E-5BAE99117AC4}.Debug|Any CPU.Build.0 = Debug|Any CPU
		{39684415-88BF-497C-960E-5BAE99117AC4}.Release|Any CPU.ActiveCfg = Release|Any CPU
		{39684415-88BF-497C-960E-5BAE99117AC4}.Release|Any CPU.Build.0 = Release|Any CPU
		{82D7CE31-A53F-4EDC-92E1-FD51EFA0648B}.Debug|Any CPU.ActiveCfg = Debug|Any CPU
		{82D7CE31-A53F-4EDC-92E1-FD51EFA0648B}.Debug|Any CPU.Build.0 = Debug|Any CPU
		{82D7CE31-A53F-4EDC-92E1-FD51EFA0648B}.Release|Any CPU.ActiveCfg = Release|Any CPU
		{82D7CE31-A53F-4EDC-92E1-FD51EFA0648B}.Release|Any CPU.Build.0 = Release|Any CPU
	EndGlobalSection
	GlobalSection(SolutionProperties) = preSolution
		HideSolutionNode = FALSE
	EndGlobalSection
	GlobalSection(NestedProjects) = preSolution
		{F4F78BE1-0779-47A7-BDDA-6C0986A9603C} = {72E5B558-425B-4C20-BD9D-CBB65098DFD2}
		{AD6DB86B-AB05-4798-9AFF-952832A2BF19} = {60BCA9C7-A68D-4E39-BA17-D08992F8438C}
		{5E056F22-4DDB-4E56-8496-787AE1BF4578} = {D12266B7-5775-4B5C-AFF4-BBB8A4F39A1D}
		{4E24CE26-237F-4375-AB46-C7E3F8F99D2C} = {44935507-48FF-4116-9D36-A4A168960B9A}
		{8A10ACE4-0DF8-4426-9C91-57D41858272E} = {44935507-48FF-4116-9D36-A4A168960B9A}
		{BD3E247D-B59A-45B7-B179-65AC3291A05D} = {72E5B558-425B-4C20-BD9D-CBB65098DFD2}
		{39684415-88BF-497C-960E-5BAE99117AC4} = {60BCA9C7-A68D-4E39-BA17-D08992F8438C}
		{82D7CE31-A53F-4EDC-92E1-FD51EFA0648B} = {D12266B7-5775-4B5C-AFF4-BBB8A4F39A1D}
	EndGlobalSection
	GlobalSection(ExtensibilityGlobals) = postSolution
		SolutionGuid = {EAC88B9A-D7D4-44DE-83A4-B57E84CC369C}
	EndGlobalSection
EndGlobal
